[[package]]
name = "alabaster"
version = "0.7.12"
description = "A configurable sidebar-enabled Sphinx theme"
category = "dev"
optional = false
python-versions = "*"

[[package]]
name = "alagitpull"
version = "0.1.0"
description = "Cleverly-named alabaster sub-theme for git-pull projects"
category = "dev"
optional = false
python-versions = ">=2.7, !=3.0.*, !=3.1.*, !=3.2.*, !=3.3.*, !=3.4.*"

[package.dependencies]
alabaster = "<0.8"

[[package]]
name = "appdirs"
version = "1.4.4"
description = "A small Python module for determining appropriate platform-specific dirs, e.g. a \"user data dir\"."
category = "dev"
optional = false
python-versions = "*"

[[package]]
name = "atomicwrites"
version = "1.4.1"
description = "Atomic file writes."
category = "dev"
optional = false
python-versions = ">=2.7, !=3.0.*, !=3.1.*, !=3.2.*, !=3.3.*"

[[package]]
name = "attrs"
version = "21.4.0"
description = "Classes Without Boilerplate"
category = "dev"
optional = false
python-versions = ">=2.7, !=3.0.*, !=3.1.*, !=3.2.*, !=3.3.*, !=3.4.*"

[package.extras]
dev = ["cloudpickle", "coverage[toml] (>=5.0.2)", "furo", "hypothesis", "mypy", "pre-commit", "pympler", "pytest (>=4.3.0)", "pytest-mypy-plugins", "six", "sphinx", "sphinx-notfound-page", "zope.interface"]
docs = ["furo", "sphinx", "sphinx-notfound-page", "zope.interface"]
tests = ["cloudpickle", "coverage[toml] (>=5.0.2)", "hypothesis", "mypy", "pympler", "pytest (>=4.3.0)", "pytest-mypy-plugins", "six", "zope.interface"]
tests_no_zope = ["cloudpickle", "coverage[toml] (>=5.0.2)", "hypothesis", "mypy", "pympler", "pytest (>=4.3.0)", "pytest-mypy-plugins", "six"]

[[package]]
name = "attrs"
version = "22.1.0"
description = "Classes Without Boilerplate"
category = "dev"
optional = false
python-versions = ">=3.5"

[package.extras]
dev = ["cloudpickle", "coverage[toml] (>=5.0.2)", "furo", "hypothesis", "mypy (>=0.900,!=0.940)", "pre-commit", "pympler", "pytest (>=4.3.0)", "pytest-mypy-plugins", "sphinx", "sphinx-notfound-page", "zope.interface"]
docs = ["furo", "sphinx", "sphinx-notfound-page", "zope.interface"]
tests = ["cloudpickle", "coverage[toml] (>=5.0.2)", "hypothesis", "mypy (>=0.900,!=0.940)", "pympler", "pytest (>=4.3.0)", "pytest-mypy-plugins", "zope.interface"]
tests_no_zope = ["cloudpickle", "coverage[toml] (>=5.0.2)", "hypothesis", "mypy (>=0.900,!=0.940)", "pympler", "pytest (>=4.3.0)", "pytest-mypy-plugins"]

[[package]]
name = "babel"
version = "2.9.1"
description = "Internationalization utilities"
category = "dev"
optional = false
python-versions = ">=2.7, !=3.0.*, !=3.1.*, !=3.2.*, !=3.3.*"

[package.dependencies]
pytz = ">=2015.7"

[[package]]
name = "backports.functools-lru-cache"
version = "1.6.4"
description = "Backport of functools.lru_cache"
category = "dev"
optional = false
python-versions = ">=2.6"

[package.extras]
docs = ["jaraco.packaging (>=8.2)", "rst.linker (>=1.9)", "sphinx"]
testing = ["pytest (>=4.6)", "pytest-black (>=0.3.7)", "pytest-checkdocs (>=2.4)", "pytest-cov", "pytest-enabler (>=1.0.1)", "pytest-flake8", "pytest-mypy"]

[[package]]
name = "black"
version = "20.8b1"
description = "The uncompromising code formatter."
category = "dev"
optional = false
python-versions = ">=3.6"

[package.dependencies]
appdirs = "*"
click = ">=7.1.2"
dataclasses = {version = ">=0.6", markers = "python_version < \"3.7\""}
mypy-extensions = ">=0.4.3"
pathspec = ">=0.6,<1"
regex = ">=2020.1.8"
toml = ">=0.10.1"
typed-ast = ">=1.4.0"
typing-extensions = ">=3.7.4"

[package.extras]
colorama = ["colorama (>=0.4.3)"]
d = ["aiohttp (>=3.3.2)", "aiohttp-cors"]

[[package]]
name = "bleach"
version = "3.3.1"
description = "An easy safelist-based HTML-sanitizing tool."
category = "dev"
optional = false
python-versions = ">=2.7, !=3.0.*, !=3.1.*, !=3.2.*, !=3.3.*, !=3.4.*"

[package.dependencies]
packaging = "*"
six = ">=1.9.0"
webencodings = "*"

[[package]]
name = "certifi"
version = "2021.10.8"
description = "Python package for providing Mozilla's CA Bundle."
category = "dev"
optional = false
python-versions = "*"

[[package]]
name = "chardet"
version = "4.0.0"
description = "Universal encoding detector for Python 2 and 3"
category = "dev"
optional = false
python-versions = ">=2.7, !=3.0.*, !=3.1.*, !=3.2.*, !=3.3.*, !=3.4.*"

[[package]]
name = "click"
version = "8.0.4"
description = "Composable command line interface toolkit"
category = "dev"
optional = false
python-versions = ">=3.6"

[package.dependencies]
colorama = {version = "*", markers = "platform_system == \"Windows\""}
importlib-metadata = {version = "*", markers = "python_version < \"3.8\""}

[[package]]
name = "codecov"
version = "2.1.12"
description = "Hosted coverage reports for GitHub, Bitbucket and Gitlab"
category = "dev"
optional = false
python-versions = ">=2.7, !=3.0.*, !=3.1.*, !=3.2.*, !=3.3.*"

[package.dependencies]
coverage = "*"
requests = ">=2.7.9"

[[package]]
name = "colorama"
version = "0.4.5"
description = "Cross-platform colored terminal text."
category = "dev"
optional = false
python-versions = ">=2.7, !=3.0.*, !=3.1.*, !=3.2.*, !=3.3.*, !=3.4.*"

[[package]]
name = "commonmark"
version = "0.9.1"
description = "Python parser for the CommonMark Markdown spec"
category = "dev"
optional = false
python-versions = "*"

[package.dependencies]
future = {version = ">=0.14.0", markers = "python_version < \"3\""}

[package.extras]
test = ["flake8 (==3.7.8)", "hypothesis (==3.55.3)"]

[[package]]
name = "configparser"
version = "4.0.2"
description = "Updated configparser from Python 3.7 for Python 2.6+."
category = "dev"
optional = false
python-versions = ">=2.6"

[package.extras]
docs = ["jaraco.packaging (>=3.2)", "rst.linker (>=1.9)", "sphinx"]
testing = ["pytest (>=3.5,!=3.7.3)", "pytest-black-multipy", "pytest-checkdocs (>=1.2)", "pytest-flake8"]

[[package]]
name = "contextlib2"
version = "0.6.0.post1"
description = "Backports and enhancements for the contextlib module"
category = "dev"
optional = false
python-versions = ">=2.7, !=3.0.*, !=3.1.*, !=3.2.*, !=3.3.*"

[[package]]
name = "coverage"
version = "5.5"
description = "Code coverage measurement for Python"
category = "dev"
optional = false
python-versions = ">=2.7, !=3.0.*, !=3.1.*, !=3.2.*, !=3.3.*, !=3.4.*, <4"

[package.extras]
toml = ["toml"]

[[package]]
name = "dataclasses"
version = "0.8"
description = "A backport of the dataclasses module for Python 3.6"
category = "dev"
optional = false
python-versions = ">=3.6, <3.7"

[[package]]
name = "docutils"
version = "0.18.1"
description = "Docutils -- Python Documentation Utilities"
category = "dev"
optional = false
python-versions = ">=2.7, !=3.0.*, !=3.1.*, !=3.2.*, !=3.3.*, !=3.4.*"

[[package]]
name = "enum34"
version = "1.1.10"
description = "Python 3.4 Enum backported to 3.3, 3.2, 3.1, 2.7, 2.6, 2.5, and 2.4"
category = "dev"
optional = false
python-versions = "*"

[[package]]
name = "flake8"
version = "3.9.2"
description = "the modular source code checker: pep8 pyflakes and co"
category = "dev"
optional = false
python-versions = "!=3.0.*,!=3.1.*,!=3.2.*,!=3.3.*,!=3.4.*,>=2.7"

[package.dependencies]
configparser = {version = "*", markers = "python_version < \"3.2\""}
enum34 = {version = "*", markers = "python_version < \"3.4\""}
functools32 = {version = "*", markers = "python_version < \"3.2\""}
importlib-metadata = {version = "*", markers = "python_version < \"3.8\""}
mccabe = ">=0.6.0,<0.7.0"
pycodestyle = ">=2.7.0,<2.8.0"
pyflakes = ">=2.3.0,<2.4.0"
typing = {version = "*", markers = "python_version < \"3.5\""}

[[package]]
name = "funcsigs"
version = "1.0.2"
description = "Python function signatures from PEP362 for Python 2.6, 2.7 and 3.2+"
category = "dev"
optional = false
python-versions = "*"

[[package]]
name = "functools32"
version = "3.2.3-2"
description = "Backport of the functools module from Python 3.2.3 for use on 2.7 and PyPy."
category = "dev"
optional = false
python-versions = "*"

[[package]]
name = "future"
version = "0.18.2"
description = "Clean single-source support for Python 3 and 2"
category = "dev"
optional = false
python-versions = ">=2.6, !=3.0.*, !=3.1.*, !=3.2.*"

[[package]]
name = "futures"
version = "3.3.0"
description = "Backport of the concurrent.futures package from Python 3"
category = "dev"
optional = false
python-versions = ">=2.6, <3"

[[package]]
name = "idna"
version = "2.10"
description = "Internationalized Domain Names in Applications (IDNA)"
category = "dev"
optional = false
python-versions = ">=2.7, !=3.0.*, !=3.1.*, !=3.2.*, !=3.3.*"

[[package]]
name = "imagesize"
version = "1.4.1"
description = "Getting image size from png/jpeg/jpeg2000/gif file"
category = "dev"
optional = false
python-versions = ">=2.7, !=3.0.*, !=3.1.*, !=3.2.*, !=3.3.*"

[[package]]
name = "importlib-metadata"
version = "2.1.3"
description = "Read metadata from Python packages"
category = "dev"
optional = false
python-versions = "!=3.0.*,!=3.1.*,!=3.2.*,!=3.3.*,!=3.4.*,>=2.7"

[package.dependencies]
configparser = {version = ">=3.5", markers = "python_version < \"3\""}
contextlib2 = {version = "*", markers = "python_version < \"3\""}
pathlib2 = {version = "*", markers = "python_version < \"3\""}
zipp = ">=0.5"

[package.extras]
docs = ["rst.linker", "sphinx"]
testing = ["importlib-resources (>=1.3)", "packaging", "pep517", "unittest2"]

[[package]]
name = "importlib-resources"
version = "3.2.1"
description = "Read resources from Python packages"
category = "dev"
optional = false
python-versions = "!=3.0.*,!=3.1.*,!=3.2.*,!=3.3.*,!=3.4.*,>=2.7"

[package.dependencies]
contextlib2 = {version = "*", markers = "python_version < \"3\""}
pathlib2 = {version = "*", markers = "python_version < \"3\""}
singledispatch = {version = "*", markers = "python_version < \"3.4\""}
typing = {version = "*", markers = "python_version < \"3.5\""}
zipp = {version = ">=0.4", markers = "python_version < \"3.8\""}

[package.extras]
docs = ["jaraco.packaging", "rst.linker", "sphinx"]

[[package]]
name = "iniconfig"
version = "1.1.1"
description = "iniconfig: brain-dead simple config-ini parsing"
category = "dev"
optional = false
python-versions = "*"

[[package]]
name = "isort"
version = "4.3.21"
description = "A Python utility / library to sort Python imports."
category = "dev"
optional = false
python-versions = ">=2.7, !=3.0.*, !=3.1.*, !=3.2.*, !=3.3.*"

[package.dependencies]
"backports.functools-lru-cache" = {version = "*", markers = "python_version < \"3.2\""}
futures = {version = "*", markers = "python_version < \"3.2\""}

[package.extras]
pipfile = ["pipreqs", "requirementslib"]
pyproject = ["toml"]
requirements = ["pip-api", "pipreqs"]
xdg_home = ["appdirs (>=1.4.0)"]

[[package]]
name = "isort"
version = "5.8.0"
description = "A Python utility / library to sort Python imports."
category = "dev"
optional = false
python-versions = ">=3.6,<4.0"

[package.extras]
colors = ["colorama (>=0.4.3,<0.5.0)"]
pipfile_deprecated_finder = ["pipreqs", "requirementslib"]
requirements_deprecated_finder = ["pip-api", "pipreqs"]

[[package]]
name = "jinja2"
version = "2.11.3"
description = "A very fast and expressive template engine."
category = "dev"
optional = false
python-versions = ">=2.7, !=3.0.*, !=3.1.*, !=3.2.*, !=3.3.*, !=3.4.*"

[package.dependencies]
MarkupSafe = ">=0.23"

[package.extras]
i18n = ["Babel (>=0.8)"]

[[package]]
name = "markupsafe"
version = "1.1.1"
description = "Safely add untrusted strings to HTML/XML markup."
category = "dev"
optional = false
python-versions = ">=2.7,!=3.0.*,!=3.1.*,!=3.2.*,!=3.3.*"

[[package]]
name = "mccabe"
version = "0.6.1"
description = "McCabe checker, plugin for flake8"
category = "dev"
optional = false
python-versions = "*"

[[package]]
name = "mock"
version = "3.0.5"
description = "Rolling backport of unittest.mock for all Pythons"
category = "dev"
optional = false
python-versions = ">=2.7, !=3.0.*, !=3.1.*, !=3.2.*, !=3.3.*"

[package.dependencies]
funcsigs = {version = ">=1", markers = "python_version < \"3.3\""}
six = "*"

[package.extras]
build = ["blurb", "twine", "wheel"]
docs = ["sphinx"]
test = ["pytest", "pytest-cov"]

[[package]]
name = "more-itertools"
version = "5.0.0"
description = "More routines for operating on iterables, beyond itertools"
category = "dev"
optional = false
python-versions = "*"

[package.dependencies]
six = ">=1.0.0,<2.0.0"

[[package]]
name = "mypy-extensions"
version = "0.4.3"
description = "Experimental type system extensions for programs checked with the mypy typechecker."
category = "dev"
optional = false
python-versions = "*"

[[package]]
name = "packaging"
version = "20.9"
description = "Core utilities for Python packages"
category = "dev"
optional = false
python-versions = ">=2.7, !=3.0.*, !=3.1.*, !=3.2.*, !=3.3.*"

[package.dependencies]
pyparsing = ">=2.0.2"

[[package]]
name = "pathlib2"
version = "2.3.4"
description = "Object-oriented filesystem paths"
category = "dev"
optional = false
python-versions = "*"

[package.dependencies]
scandir = {version = "*", markers = "python_version < \"3.5\""}
six = "*"

[[package]]
name = "pathspec"
version = "0.9.0"
description = "Utility library for gitignore style pattern matching of file paths."
category = "dev"
optional = false
python-versions = "!=3.0.*,!=3.1.*,!=3.2.*,!=3.3.*,!=3.4.*,>=2.7"

[[package]]
name = "pkginfo"
version = "1.8.2"
description = "Query metadatdata from sdists / bdists / installed packages."
category = "dev"
optional = false
python-versions = "*"

[package.extras]
testing = ["coverage", "nose"]

[[package]]
name = "pluggy"
version = "0.13.1"
description = "plugin and hook calling mechanisms for python"
category = "dev"
optional = false
python-versions = ">=2.7, !=3.0.*, !=3.1.*, !=3.2.*, !=3.3.*"

[package.dependencies]
importlib-metadata = {version = ">=0.12", markers = "python_version < \"3.8\""}

[package.extras]
dev = ["pre-commit", "tox"]

[[package]]
name = "py"
version = "1.11.0"
description = "library with cross-python path, ini-parsing, io, code, log facilities"
category = "dev"
optional = false
python-versions = ">=2.7, !=3.0.*, !=3.1.*, !=3.2.*, !=3.3.*, !=3.4.*"

[[package]]
name = "pycodestyle"
version = "2.7.0"
description = "Python style guide checker"
category = "dev"
optional = false
python-versions = ">=2.7, !=3.0.*, !=3.1.*, !=3.2.*, !=3.3.*"

[[package]]
name = "pyflakes"
version = "2.3.1"
description = "passive checker of Python programs"
category = "dev"
optional = false
python-versions = ">=2.7, !=3.0.*, !=3.1.*, !=3.2.*, !=3.3.*"

[[package]]
name = "pygments"
version = "2.5.2"
description = "Pygments is a syntax highlighting package written in Python."
category = "dev"
optional = false
python-versions = ">=2.7, !=3.0.*, !=3.1.*, !=3.2.*, !=3.3.*, !=3.4.*"

[[package]]
name = "pyparsing"
version = "2.4.7"
description = "Python parsing module"
category = "dev"
optional = false
python-versions = ">=2.6, !=3.0.*, !=3.1.*, !=3.2.*"

[[package]]
name = "pytest"
version = "4.6.11"
description = "pytest: simple powerful testing with Python"
category = "dev"
optional = false
python-versions = "!=3.0.*,!=3.1.*,!=3.2.*,!=3.3.*,>=2.7"

[package.dependencies]
atomicwrites = ">=1.0"
attrs = ">=17.4.0"
colorama = {version = "*", markers = "sys_platform == \"win32\" and python_version != \"3.4\""}
funcsigs = {version = ">=1.0", markers = "python_version < \"3.0\""}
importlib-metadata = {version = ">=0.12", markers = "python_version < \"3.8\""}
more-itertools = [
    {version = ">=4.0.0,<6.0.0", markers = "python_version <= \"2.7\""},
    {version = ">=4.0.0", markers = "python_version > \"2.7\""},
]
packaging = "*"
pathlib2 = {version = ">=2.2.0", markers = "python_version < \"3.6\""}
pluggy = ">=0.12,<1.0"
py = ">=1.5.0"
six = ">=1.10.0"
wcwidth = "*"

[package.extras]
testing = ["argcomplete", "hypothesis (>=3.56)", "mock", "nose", "requests"]

[[package]]
name = "pytest"
version = "6.1.2"
description = "pytest: simple powerful testing with Python"
category = "dev"
optional = false
python-versions = ">=3.5"

[package.dependencies]
atomicwrites = {version = ">=1.0", markers = "sys_platform == \"win32\""}
attrs = ">=17.4.0"
colorama = {version = "*", markers = "sys_platform == \"win32\""}
importlib-metadata = {version = ">=0.12", markers = "python_version < \"3.8\""}
iniconfig = "*"
packaging = "*"
pathlib2 = {version = ">=2.2.0", markers = "python_version < \"3.6\""}
pluggy = ">=0.12,<1.0"
py = ">=1.8.2"
toml = "*"

[package.extras]
checkqa_mypy = ["mypy (==0.780)"]
testing = ["argcomplete", "hypothesis (>=3.56)", "mock", "nose", "requests", "xmlschema"]

[[package]]
name = "pytest-cov"
version = "2.9.0"
description = "Pytest plugin for measuring coverage."
category = "dev"
optional = false
python-versions = ">=2.7, !=3.0.*, !=3.1.*, !=3.2.*, !=3.3.*, !=3.4.*"

[package.dependencies]
coverage = ">=4.4"
pytest = ">=3.6"

[package.extras]
testing = ["fields", "hunter", "process-tests (==2.0.2)", "pytest-xdist", "six", "virtualenv"]

[[package]]
name = "pytest-cov"
version = "2.12.1"
description = "Pytest plugin for measuring coverage."
category = "dev"
optional = false
python-versions = ">=2.7, !=3.0.*, !=3.1.*, !=3.2.*, !=3.3.*, !=3.4.*"

[package.dependencies]
coverage = ">=5.2.1"
pytest = ">=4.6"
toml = "*"

[package.extras]
testing = ["fields", "hunter", "process-tests", "pytest-xdist", "six", "virtualenv"]

[[package]]
name = "pytest-mock"
version = "2.0.0"
description = "Thin-wrapper around the mock package for easier use with py.test"
category = "dev"
optional = false
python-versions = ">=2.7, !=3.0.*, !=3.1.*, !=3.2.*, !=3.3.*"

[package.dependencies]
mock = {version = "*", markers = "python_version < \"3.0\""}
pytest = ">=2.7"

[package.extras]
dev = ["pre-commit", "tox"]

[[package]]
name = "pytest-mock"
version = "3.2.0"
description = "Thin-wrapper around the mock package for easier use with pytest"
category = "dev"
optional = false
python-versions = ">=3.5"

[package.dependencies]
pytest = ">=2.7"

[package.extras]
dev = ["pre-commit", "pytest-asyncio", "tox"]

[[package]]
name = "pytest-mock"
version = "3.5.1"
description = "Thin-wrapper around the mock package for easier use with pytest"
category = "dev"
optional = false
python-versions = ">=3.5"

[package.dependencies]
pytest = ">=5.0"

[package.extras]
dev = ["pre-commit", "pytest-asyncio", "tox"]

[[package]]
name = "pytest-rerunfailures"
version = "8.0"
description = "pytest plugin to re-run tests to eliminate flaky failures"
category = "dev"
optional = false
python-versions = "*"

[package.dependencies]
pytest = ">=4.4"

[[package]]
name = "pytest-rerunfailures"
version = "9.0"
description = "pytest plugin to re-run tests to eliminate flaky failures"
category = "dev"
optional = false
python-versions = "*"

[package.dependencies]
pytest = ">=5.0"

[[package]]
name = "pytz"
version = "2022.4"
description = "World timezone definitions, modern and historical"
category = "dev"
optional = false
python-versions = "*"

[[package]]
name = "readme-renderer"
version = "30.0"
description = "readme_renderer is a library for rendering \"readme\" descriptions for Warehouse"
category = "dev"
optional = false
python-versions = "*"

[package.dependencies]
bleach = ">=2.1.0"
docutils = ">=0.13.1"
Pygments = ">=2.5.1"

[package.extras]
md = ["cmarkgfm (>=0.5.0,<0.7.0)"]

[[package]]
name = "recommonmark"
version = "0.6.0"
description = "A docutils-compatibility bridge to CommonMark, enabling you to write CommonMark inside of Docutils & Sphinx projects."
category = "dev"
optional = false
python-versions = "*"

[package.dependencies]
commonmark = ">=0.8.1"
docutils = ">=0.11"
sphinx = ">=1.3.1"

[[package]]
name = "regex"
version = "2022.9.13"
description = "Alternative regular expression module, to replace re."
category = "dev"
optional = false
python-versions = ">=3.6"

[[package]]
name = "requests"
version = "2.25.1"
description = "Python HTTP for Humans."
category = "dev"
optional = false
python-versions = ">=2.7, !=3.0.*, !=3.1.*, !=3.2.*, !=3.3.*, !=3.4.*"

[package.dependencies]
certifi = ">=2017.4.17"
chardet = ">=3.0.2,<5"
idna = ">=2.5,<3"
urllib3 = ">=1.21.1,<1.27"

[package.extras]
security = ["cryptography (>=1.3.4)", "pyOpenSSL (>=0.14)"]
socks = ["PySocks (>=1.5.6,!=1.5.7)", "win-inet-pton"]

[[package]]
name = "requests-toolbelt"
version = "0.10.0"
description = "A utility belt for advanced users of python-requests"
category = "dev"
optional = false
python-versions = ">=2.7, !=3.0.*, !=3.1.*, !=3.2.*, !=3.3.*"

[package.dependencies]
requests = ">=2.0.1,<3.0.0"

[[package]]
name = "scandir"
version = "1.10.0"
description = "scandir, a better directory iterator and faster os.walk()"
category = "dev"
optional = false
python-versions = "*"

[[package]]
name = "singledispatch"
version = "3.7.0"
description = "Backport functools.singledispatch from Python 3.4 to Python 2.6-3.3."
category = "dev"
optional = false
python-versions = ">=2.6"

[package.dependencies]
six = "*"

[package.extras]
docs = ["jaraco.packaging (>=8.2)", "rst.linker (>=1.9)", "sphinx"]
testing = ["pytest (>=4.6)", "pytest-black (>=0.3.7)", "pytest-checkdocs (>=2.4)", "pytest-cov", "pytest-flake8", "unittest2"]

[[package]]
name = "six"
version = "1.16.0"
description = "Python 2 and 3 compatibility utilities"
category = "dev"
optional = false
python-versions = ">=2.7, !=3.0.*, !=3.1.*, !=3.2.*"

[[package]]
name = "snowballstemmer"
version = "2.2.0"
description = "This package provides 29 stemmers for 28 languages generated from Snowball algorithms."
category = "dev"
optional = false
python-versions = "*"

[[package]]
name = "sphinx"
version = "1.8.5"
description = "Python documentation generator"
category = "dev"
optional = false
python-versions = ">=2.7, !=3.0.*, !=3.1.*, !=3.2.*, !=3.3.*"

[package.dependencies]
alabaster = ">=0.7,<0.8"
babel = ">=1.3,<2.0 || >2.0"
colorama = {version = ">=0.3.5", markers = "sys_platform == \"win32\""}
docutils = ">=0.11"
imagesize = "*"
Jinja2 = ">=2.3"
packaging = "*"
Pygments = ">=2.0"
requests = ">=2.0.0"
six = ">=1.5"
snowballstemmer = ">=1.1"
sphinxcontrib-websupport = "*"
typing = {version = "*", markers = "python_version < \"3.5\""}

[package.extras]
test = ["enum34", "flake8 (>=3.5.0)", "flake8-import-order", "html5lib", "mock", "mypy", "pytest", "pytest-cov", "typed-ast"]
websupport = ["sqlalchemy (>=0.9)", "whoosh (>=2.0)"]

[[package]]
name = "sphinx"
version = "3.5.3"
description = "Python documentation generator"
category = "dev"
optional = false
python-versions = ">=3.5"

[package.dependencies]
alabaster = ">=0.7,<0.8"
babel = ">=1.3"
colorama = {version = ">=0.3.5", markers = "sys_platform == \"win32\""}
docutils = ">=0.12"
imagesize = "*"
Jinja2 = ">=2.3"
packaging = "*"
Pygments = ">=2.0"
requests = ">=2.5.0"
snowballstemmer = ">=1.1"
sphinxcontrib-applehelp = "*"
sphinxcontrib-devhelp = "*"
sphinxcontrib-htmlhelp = "*"
sphinxcontrib-jsmath = "*"
sphinxcontrib-qthelp = "*"
sphinxcontrib-serializinghtml = "*"

[package.extras]
docs = ["sphinxcontrib-websupport"]
lint = ["docutils-stubs", "flake8 (>=3.5.0)", "isort", "mypy (>=0.800)"]
test = ["cython", "html5lib", "pytest", "pytest-cov", "typed-ast"]

[[package]]
name = "sphinx-issues"
version = "1.2.0"
description = "A Sphinx extension for linking to your project's issue tracker"
category = "dev"
optional = false
python-versions = "*"

[package.dependencies]
sphinx = "*"

[package.extras]
dev = ["flake8 (==3.6.0)", "flake8-bugbear (==18.8.0)", "mock", "pre-commit (==1.13.0)", "pytest", "tox"]
lint = ["flake8 (==3.6.0)", "flake8-bugbear (==18.8.0)", "pre-commit (==1.13.0)"]
tests = ["mock", "pytest"]

[[package]]
name = "sphinxcontrib-applehelp"
version = "1.0.2"
description = "sphinxcontrib-applehelp is a sphinx extension which outputs Apple help books"
category = "dev"
optional = false
python-versions = ">=3.5"

[package.extras]
lint = ["docutils-stubs", "flake8", "mypy"]
test = ["pytest"]

[[package]]
name = "sphinxcontrib-devhelp"
version = "1.0.2"
description = "sphinxcontrib-devhelp is a sphinx extension which outputs Devhelp document."
category = "dev"
optional = false
python-versions = ">=3.5"

[package.extras]
lint = ["docutils-stubs", "flake8", "mypy"]
test = ["pytest"]

[[package]]
name = "sphinxcontrib-htmlhelp"
version = "1.0.3"
description = "sphinxcontrib-htmlhelp is a sphinx extension which renders HTML help files"
category = "dev"
optional = false
python-versions = ">=3.5"

[package.extras]
lint = ["docutils-stubs", "flake8", "mypy"]
test = ["html5lib", "pytest"]

[[package]]
name = "sphinxcontrib-jsmath"
version = "1.0.1"
description = "A sphinx extension which renders display math in HTML via JavaScript"
category = "dev"
optional = false
python-versions = ">=3.5"

[package.extras]
test = ["flake8", "mypy", "pytest"]

[[package]]
name = "sphinxcontrib-qthelp"
version = "1.0.3"
description = "sphinxcontrib-qthelp is a sphinx extension which outputs QtHelp document."
category = "dev"
optional = false
python-versions = ">=3.5"

[package.extras]
lint = ["docutils-stubs", "flake8", "mypy"]
test = ["pytest"]

[[package]]
name = "sphinxcontrib-serializinghtml"
version = "1.1.5"
description = "sphinxcontrib-serializinghtml is a sphinx extension which outputs \"serialized\" HTML files (json and pickle)."
category = "dev"
optional = false
python-versions = ">=3.5"

[package.extras]
lint = ["docutils-stubs", "flake8", "mypy"]
test = ["pytest"]

[[package]]
name = "sphinxcontrib-websupport"
version = "1.1.2"
description = "Sphinx API for Web Apps"
category = "dev"
optional = false
python-versions = ">=2.7, !=3.0.*, !=3.1.*, !=3.2.*, !=3.3.*"

[package.extras]
test = ["mock", "pytest"]

[[package]]
name = "toml"
version = "0.10.2"
description = "Python Library for Tom's Obvious, Minimal Language"
category = "dev"
optional = false
python-versions = ">=2.6, !=3.0.*, !=3.1.*, !=3.2.*"

[[package]]
name = "tqdm"
version = "4.64.1"
description = "Fast, Extensible Progress Meter"
category = "dev"
optional = false
python-versions = "!=3.0.*,!=3.1.*,!=3.2.*,!=3.3.*,>=2.7"

[package.dependencies]
colorama = {version = "*", markers = "platform_system == \"Windows\""}
importlib-resources = {version = "*", markers = "python_version < \"3.7\""}

[package.extras]
dev = ["py-make (>=0.1.0)", "twine", "wheel"]
notebook = ["ipywidgets (>=6)"]
slack = ["slack-sdk"]
telegram = ["requests"]

[[package]]
name = "twine"
version = "1.15.0"
description = "Collection of utilities for publishing packages on PyPI"
category = "dev"
optional = false
python-versions = ">=2.7, !=3.0.*, !=3.1.*, !=3.2.*, !=3.3.*"

[package.dependencies]
pkginfo = ">=1.4.2"
readme-renderer = ">=21.0"
requests = ">=2.5.0,<2.15 || >2.15,<2.16 || >2.16"
requests-toolbelt = ">=0.8.0,<0.9.0 || >0.9.0"
tqdm = ">=4.14"

[package.extras]
keyring = ["keyring"]
with-blake2 = ["pyblake2"]

[[package]]
name = "typed-ast"
version = "1.5.4"
description = "a fork of Python 2 and 3 ast modules with type comment support"
category = "dev"
optional = false
python-versions = ">=3.6"

[[package]]
name = "typing"
version = "3.10.0.0"
description = "Type Hints for Python"
category = "dev"
optional = false
python-versions = ">=2.7, !=3.0.*, !=3.1.*, !=3.2.*, !=3.3.*, <3.5"

[[package]]
name = "typing-extensions"
version = "4.1.1"
description = "Backported and Experimental Type Hints for Python 3.6+"
category = "dev"
optional = false
python-versions = ">=3.6"

[[package]]
name = "urllib3"
version = "1.26.9"
description = "HTTP library with thread-safe connection pooling, file post, and more."
category = "dev"
optional = false
python-versions = ">=2.7, !=3.0.*, !=3.1.*, !=3.2.*, !=3.3.*, !=3.4.*, <4"

[package.extras]
brotli = ["brotli (>=1.0.9)", "brotlicffi (>=0.8.0)", "brotlipy (>=0.6.0)"]
secure = ["certifi", "cryptography (>=1.3.4)", "idna (>=2.0.0)", "ipaddress", "pyOpenSSL (>=0.14)"]
socks = ["PySocks (>=1.5.6,!=1.5.7,<2.0)"]

[[package]]
name = "wcwidth"
version = "0.2.5"
description = "Measures the displayed width of unicode strings in a terminal"
category = "dev"
optional = false
python-versions = "*"

[package.dependencies]
"backports.functools-lru-cache" = {version = ">=1.2.1", markers = "python_version < \"3.2\""}

[[package]]
name = "webencodings"
version = "0.5.1"
description = "Character encoding aliases for legacy web content"
category = "dev"
optional = false
python-versions = "*"

[[package]]
name = "zipp"
version = "1.2.0"
description = "Backport of pathlib-compatible object wrapper for zip files"
category = "dev"
optional = false
python-versions = ">=2.7"

[package.dependencies]
contextlib2 = {version = "*", markers = "python_version < \"3.4\""}

[package.extras]
docs = ["jaraco.packaging (>=3.2)", "rst.linker (>=1.9)", "sphinx"]
testing = ["func-timeout", "jaraco.itertools", "pathlib2", "unittest2"]

[extras]
coverage = []
deploy = []
docs = []
format = []
lint = []
test = []

[metadata]
lock-version = "1.1"
python-versions = "~2.7 || ^3.5"
content-hash = "f28da7e555c79c5d3654d3112f1c463bfd65bb72414cbc9de430b5510e87e279"

[metadata.files]
alabaster = [
    {file = "alabaster-0.7.12-py2.py3-none-any.whl", hash = "sha256:446438bdcca0e05bd45ea2de1668c1d9b032e1a9154c2c259092d77031ddd359"},
    {file = "alabaster-0.7.12.tar.gz", hash = "sha256:a661d72d58e6ea8a57f7a86e37d86716863ee5e92788398526d58b26a4e4dc02"},
]
alagitpull = []
appdirs = [
    {file = "appdirs-1.4.4-py2.py3-none-any.whl", hash = "sha256:a841dacd6b99318a741b166adb07e19ee71a274450e68237b4650ca1055ab128"},
    {file = "appdirs-1.4.4.tar.gz", hash = "sha256:7d5d0167b2b1ba821647616af46a749d1c653740dd0d2415100fe26e27afdf41"},
]
atomicwrites = []
attrs = [
    {file = "attrs-22.1.0-py2.py3-none-any.whl", hash = "sha256:86efa402f67bf2df34f51a335487cf46b1ec130d02b8d39fd248abfd30da551c"},
    {file = "attrs-22.1.0.tar.gz", hash = "sha256:29adc2665447e5191d0e7c568fde78b21f9672d344281d0c6e1ab085429b22b6"},
]
babel = []
"backports.functools-lru-cache" = []
black = []
bleach = []
certifi = []
chardet = []
click = []
codecov = [
    {file = "codecov-2.1.12-py2.py3-none-any.whl", hash = "sha256:585dc217dc3d8185198ceb402f85d5cb5dbfa0c5f350a5abcdf9e347776a5b47"},
    {file = "codecov-2.1.12-py3.8.egg", hash = "sha256:782a8e5352f22593cbc5427a35320b99490eb24d9dcfa2155fd99d2b75cfb635"},
    {file = "codecov-2.1.12.tar.gz", hash = "sha256:a0da46bb5025426da895af90938def8ee12d37fcbcbbbc15b6dc64cf7ebc51c1"},
]
colorama = [
    {file = "colorama-0.4.5-py2.py3-none-any.whl", hash = "sha256:854bf444933e37f5824ae7bfc1e98d5bce2ebe4160d46b5edf346a89358e99da"},
    {file = "colorama-0.4.5.tar.gz", hash = "sha256:e6c6b4334fc50988a639d9b98aa429a0b57da6e17b9a44f0451f930b6967b7a4"},
]
commonmark = []
configparser = []
contextlib2 = []
coverage = []
dataclasses = []
docutils = [
    {file = "docutils-0.18.1-py2.py3-none-any.whl", hash = "sha256:23010f129180089fbcd3bc08cfefccb3b890b0050e1ca00c867036e9d161b98c"},
    {file = "docutils-0.18.1.tar.gz", hash = "sha256:679987caf361a7539d76e584cbeddc311e3aee937877c87346f31debc63e9d06"},
]
enum34 = []
flake8 = [
    {file = "flake8-3.9.2-py2.py3-none-any.whl", hash = "sha256:bf8fd333346d844f616e8d47905ef3a3384edae6b4e9beb0c5101e25e3110907"},
    {file = "flake8-3.9.2.tar.gz", hash = "sha256:07528381786f2a6237b061f6e96610a4167b226cb926e2aa2b6b1d78057c576b"},
]
funcsigs = []
functools32 = []
future = []
futures = []
idna = []
imagesize = [
    {file = "imagesize-1.4.1-py2.py3-none-any.whl", hash = "sha256:0d8d18d08f840c19d0ee7ca1fd82490fdc3729b7ac93f49870406ddde8ef8d8b"},
    {file = "imagesize-1.4.1.tar.gz", hash = "sha256:69150444affb9cb0d5cc5a92b3676f0b2fb7cd9ae39e947a5e11a36b4497cd4a"},
]
importlib-metadata = []
importlib-resources = []
iniconfig = [
    {file = "iniconfig-1.1.1-py2.py3-none-any.whl", hash = "sha256:011e24c64b7f47f6ebd835bb12a743f2fbe9a26d4cecaa7f53bc4f35ee9da8b3"},
    {file = "iniconfig-1.1.1.tar.gz", hash = "sha256:bc3af051d7d14b2ee5ef9969666def0cd1a000e121eaea580d4a313df4b37f32"},
]
isort = []
jinja2 = []
markupsafe = []
mccabe = [
    {file = "mccabe-0.6.1-py2.py3-none-any.whl", hash = "sha256:ab8a6258860da4b6677da4bd2fe5dc2c659cff31b3ee4f7f5d64e79735b80d42"},
    {file = "mccabe-0.6.1.tar.gz", hash = "sha256:dd8d182285a0fe56bace7f45b5e7d1a6ebcbf524e8f3bd87eb0f125271b8831f"},
]
mock = []
more-itertools = []
mypy-extensions = [
    {file = "mypy_extensions-0.4.3-py2.py3-none-any.whl", hash = "sha256:090fedd75945a69ae91ce1303b5824f428daf5a028d2f6ab8a299250a846f15d"},
    {file = "mypy_extensions-0.4.3.tar.gz", hash = "sha256:2d82818f5bb3e369420cb3c4060a7970edba416647068eb4c5343488a6c604a8"},
]
packaging = []
pathlib2 = []
pathspec = []
pkginfo = []
pluggy = []
py = [
    {file = "py-1.11.0-py2.py3-none-any.whl", hash = "sha256:607c53218732647dff4acdfcd50cb62615cedf612e72d1724fb1a0cc6405b378"},
    {file = "py-1.11.0.tar.gz", hash = "sha256:51c75c4126074b472f746a24399ad32f6053d1b34b68d2fa41e558e6f4a98719"},
]
pycodestyle = [
    {file = "pycodestyle-2.7.0-py2.py3-none-any.whl", hash = "sha256:514f76d918fcc0b55c6680472f0a37970994e07bbb80725808c17089be302068"},
    {file = "pycodestyle-2.7.0.tar.gz", hash = "sha256:c389c1d06bf7904078ca03399a4816f974a1d590090fecea0c63ec26ebaf1cef"},
]
pyflakes = [
    {file = "pyflakes-2.3.1-py2.py3-none-any.whl", hash = "sha256:7893783d01b8a89811dd72d7dfd4d84ff098e5eed95cfa8905b22bbffe52efc3"},
    {file = "pyflakes-2.3.1.tar.gz", hash = "sha256:f5bc8ecabc05bb9d291eb5203d6810b49040f6ff446a756326104746cc00c1db"},
]
pygments = []
pyparsing = []
pytest = []
pytest-cov = []
pytest-mock = [
    {file = "pytest-mock-3.2.0.tar.gz", hash = "sha256:7122d55505d5ed5a6f3df940ad174b3f606ecae5e9bc379569cdcbd4cd9d2b83"},
    {file = "pytest_mock-3.2.0-py3-none-any.whl", hash = "sha256:5564c7cd2569b603f8451ec77928083054d8896046830ca763ed68f4112d17c7"},
]
pytest-rerunfailures = []
pytz = []
readme-renderer = []
recommonmark = []
regex = []
requests = []
requests-toolbelt = []
scandir = []
singledispatch = []
six = [
    {file = "six-1.16.0-py2.py3-none-any.whl", hash = "sha256:8abb2f1d86890a2dfb989f9a77cfcfd3e47c2a354b01111771326f8aa26e0254"},
    {file = "six-1.16.0.tar.gz", hash = "sha256:1e61c37477a1626458e36f7b1d82aa5c9b094fa4802892072e49de9c60c4c926"},
]
snowballstemmer = [
    {file = "snowballstemmer-2.2.0-py2.py3-none-any.whl", hash = "sha256:c8e1716e83cc398ae16824e5572ae04e0d9fc2c6b985fb0f900f5f0c96ecba1a"},
    {file = "snowballstemmer-2.2.0.tar.gz", hash = "sha256:09b16deb8547d3412ad7b590689584cd0fe25ec8db3be37788be3810cbf19cb1"},
]
sphinx = [
    {file = "Sphinx-1.8.5-py2.py3-none-any.whl", hash = "sha256:9f3e17c64b34afc653d7c5ec95766e03043cc6d80b0de224f59b6b6e19d37c3c"},
    {file = "Sphinx-1.8.5.tar.gz", hash = "sha256:c7658aab75c920288a8cf6f09f244c6cfdae30d82d803ac1634d9f223a80ca08"},
    {file = "Sphinx-3.5.3-py3-none-any.whl", hash = "sha256:3f01732296465648da43dec8fb40dc451ba79eb3e2cc5c6d79005fd98197107d"},
    {file = "Sphinx-3.5.3.tar.gz", hash = "sha256:ce9c228456131bab09a3d7d10ae58474de562a6f79abb3dc811ae401cf8c1abc"},
]
sphinx-issues = []
sphinxcontrib-applehelp = [
    {file = "sphinxcontrib-applehelp-1.0.2.tar.gz", hash = "sha256:a072735ec80e7675e3f432fcae8610ecf509c5f1869d17e2eecff44389cdbc58"},
    {file = "sphinxcontrib_applehelp-1.0.2-py2.py3-none-any.whl", hash = "sha256:806111e5e962be97c29ec4c1e7fe277bfd19e9652fb1a4392105b43e01af885a"},
]
sphinxcontrib-devhelp = [
    {file = "sphinxcontrib-devhelp-1.0.2.tar.gz", hash = "sha256:ff7f1afa7b9642e7060379360a67e9c41e8f3121f2ce9164266f61b9f4b338e4"},
    {file = "sphinxcontrib_devhelp-1.0.2-py2.py3-none-any.whl", hash = "sha256:8165223f9a335cc1af7ffe1ed31d2871f325254c0423bc0c4c7cd1c1e4734a2e"},
]
sphinxcontrib-htmlhelp = []
sphinxcontrib-jsmath = [
    {file = "sphinxcontrib-jsmath-1.0.1.tar.gz", hash = "sha256:a9925e4a4587247ed2191a22df5f6970656cb8ca2bd6284309578f2153e0c4b8"},
    {file = "sphinxcontrib_jsmath-1.0.1-py2.py3-none-any.whl", hash = "sha256:2ec2eaebfb78f3f2078e73666b1415417a116cc848b72e5172e596c871103178"},
]
sphinxcontrib-qthelp = [
    {file = "sphinxcontrib-qthelp-1.0.3.tar.gz", hash = "sha256:4c33767ee058b70dba89a6fc5c1892c0d57a54be67ddd3e7875a18d14cba5a72"},
    {file = "sphinxcontrib_qthelp-1.0.3-py2.py3-none-any.whl", hash = "sha256:bd9fc24bcb748a8d51fd4ecaade681350aa63009a347a8c14e637895444dfab6"},
]
sphinxcontrib-serializinghtml = [
    {file = "sphinxcontrib-serializinghtml-1.1.5.tar.gz", hash = "sha256:aa5f6de5dfdf809ef505c4895e51ef5c9eac17d0f287933eb49ec495280b6952"},
    {file = "sphinxcontrib_serializinghtml-1.1.5-py2.py3-none-any.whl", hash = "sha256:352a9a00ae864471d3a7ead8d7d79f5fc0b57e8b3f95e9867eb9eb28999b92fd"},
]
sphinxcontrib-websupport = []
toml = []
tqdm = []
twine = []
typed-ast = [
    {file = "typed_ast-1.5.4-cp310-cp310-macosx_10_9_x86_64.whl", hash = "sha256:669dd0c4167f6f2cd9f57041e03c3c2ebf9063d0757dc89f79ba1daa2bfca9d4"},
    {file = "typed_ast-1.5.4-cp310-cp310-macosx_11_0_arm64.whl", hash = "sha256:211260621ab1cd7324e0798d6be953d00b74e0428382991adfddb352252f1d62"},
    {file = "typed_ast-1.5.4-cp310-cp310-manylinux_2_17_aarch64.manylinux2014_aarch64.whl", hash = "sha256:267e3f78697a6c00c689c03db4876dd1efdfea2f251a5ad6555e82a26847b4ac"},
    {file = "typed_ast-1.5.4-cp310-cp310-manylinux_2_5_x86_64.manylinux1_x86_64.manylinux_2_12_x86_64.manylinux2010_x86_64.whl", hash = "sha256:c542eeda69212fa10a7ada75e668876fdec5f856cd3d06829e6aa64ad17c8dfe"},
    {file = "typed_ast-1.5.4-cp310-cp310-win_amd64.whl", hash = "sha256:a9916d2bb8865f973824fb47436fa45e1ebf2efd920f2b9f99342cb7fab93f72"},
    {file = "typed_ast-1.5.4-cp36-cp36m-macosx_10_9_x86_64.whl", hash = "sha256:79b1e0869db7c830ba6a981d58711c88b6677506e648496b1f64ac7d15633aec"},
    {file = "typed_ast-1.5.4-cp36-cp36m-manylinux_2_17_aarch64.manylinux2014_aarch64.whl", hash = "sha256:a94d55d142c9265f4ea46fab70977a1944ecae359ae867397757d836ea5a3f47"},
    {file = "typed_ast-1.5.4-cp36-cp36m-manylinux_2_5_x86_64.manylinux1_x86_64.manylinux_2_12_x86_64.manylinux2010_x86_64.whl", hash = "sha256:183afdf0ec5b1b211724dfef3d2cad2d767cbefac291f24d69b00546c1837fb6"},
    {file = "typed_ast-1.5.4-cp36-cp36m-win_amd64.whl", hash = "sha256:639c5f0b21776605dd6c9dbe592d5228f021404dafd377e2b7ac046b0349b1a1"},
    {file = "typed_ast-1.5.4-cp37-cp37m-macosx_10_9_x86_64.whl", hash = "sha256:cf4afcfac006ece570e32d6fa90ab74a17245b83dfd6655a6f68568098345ff6"},
    {file = "typed_ast-1.5.4-cp37-cp37m-manylinux_2_17_aarch64.manylinux2014_aarch64.whl", hash = "sha256:ed855bbe3eb3715fca349c80174cfcfd699c2f9de574d40527b8429acae23a66"},
    {file = "typed_ast-1.5.4-cp37-cp37m-manylinux_2_5_x86_64.manylinux1_x86_64.manylinux_2_12_x86_64.manylinux2010_x86_64.whl", hash = "sha256:6778e1b2f81dfc7bc58e4b259363b83d2e509a65198e85d5700dfae4c6c8ff1c"},
    {file = "typed_ast-1.5.4-cp37-cp37m-win_amd64.whl", hash = "sha256:0261195c2062caf107831e92a76764c81227dae162c4f75192c0d489faf751a2"},
    {file = "typed_ast-1.5.4-cp38-cp38-macosx_10_9_x86_64.whl", hash = "sha256:2efae9db7a8c05ad5547d522e7dbe62c83d838d3906a3716d1478b6c1d61388d"},
    {file = "typed_ast-1.5.4-cp38-cp38-macosx_11_0_arm64.whl", hash = "sha256:7d5d014b7daa8b0bf2eaef684295acae12b036d79f54178b92a2b6a56f92278f"},
    {file = "typed_ast-1.5.4-cp38-cp38-manylinux_2_17_aarch64.manylinux2014_aarch64.whl", hash = "sha256:370788a63915e82fd6f212865a596a0fefcbb7d408bbbb13dea723d971ed8bdc"},
    {file = "typed_ast-1.5.4-cp38-cp38-manylinux_2_5_x86_64.manylinux1_x86_64.manylinux_2_12_x86_64.manylinux2010_x86_64.whl", hash = "sha256:4e964b4ff86550a7a7d56345c7864b18f403f5bd7380edf44a3c1fb4ee7ac6c6"},
    {file = "typed_ast-1.5.4-cp38-cp38-win_amd64.whl", hash = "sha256:683407d92dc953c8a7347119596f0b0e6c55eb98ebebd9b23437501b28dcbb8e"},
    {file = "typed_ast-1.5.4-cp39-cp39-macosx_10_9_x86_64.whl", hash = "sha256:4879da6c9b73443f97e731b617184a596ac1235fe91f98d279a7af36c796da35"},
    {file = "typed_ast-1.5.4-cp39-cp39-macosx_11_0_arm64.whl", hash = "sha256:3e123d878ba170397916557d31c8f589951e353cc95fb7f24f6bb69adc1a8a97"},
    {file = "typed_ast-1.5.4-cp39-cp39-manylinux_2_17_aarch64.manylinux2014_aarch64.whl", hash = "sha256:ebd9d7f80ccf7a82ac5f88c521115cc55d84e35bf8b446fcd7836eb6b98929a3"},
    {file = "typed_ast-1.5.4-cp39-cp39-manylinux_2_5_x86_64.manylinux1_x86_64.manylinux_2_12_x86_64.manylinux2010_x86_64.whl", hash = "sha256:98f80dee3c03455e92796b58b98ff6ca0b2a6f652120c263efdba4d6c5e58f72"},
    {file = "typed_ast-1.5.4-cp39-cp39-win_amd64.whl", hash = "sha256:0fdbcf2fef0ca421a3f5912555804296f0b0960f0418c440f5d6d3abb549f3e1"},
    {file = "typed_ast-1.5.4.tar.gz", hash = "sha256:39e21ceb7388e4bb37f4c679d72707ed46c2fbf2a5609b8b8ebc4b067d977df2"},
]
typing = []
typing-extensions = []
urllib3 = []
wcwidth = []
webencodings = []
zipp = []
